// !$*UTF8*$!
{
	archiveVersion = 1;
	classes = {
	};
	objectVersion = 50;
	objects = {

/* Begin PBXBuildFile section */
		C507FED2231531B2002AC86D /* AppDelegate.swift in Sources */ = {isa = PBXBuildFile; fileRef = C507FED1231531B2002AC86D /* AppDelegate.swift */; };
		C507FED7231531B2002AC86D /* Main.storyboard in Resources */ = {isa = PBXBuildFile; fileRef = C507FED5231531B2002AC86D /* Main.storyboard */; };
		C507FED9231531B6002AC86D /* Assets.xcassets in Resources */ = {isa = PBXBuildFile; fileRef = C507FED8231531B6002AC86D /* Assets.xcassets */; };
		C507FEDC231531B6002AC86D /* LaunchScreen.storyboard in Resources */ = {isa = PBXBuildFile; fileRef = C507FEDA231531B6002AC86D /* LaunchScreen.storyboard */; };
		C507FEE423153255002AC86D /* WeatherTableViewController.swift in Sources */ = {isa = PBXBuildFile; fileRef = C507FEE323153255002AC86D /* WeatherTableViewController.swift */; };
		C507FEE623153773002AC86D /* WeatherCell.swift in Sources */ = {isa = PBXBuildFile; fileRef = C507FEE523153773002AC86D /* WeatherCell.swift */; };
		C507FEE82315377F002AC86D /* DateTimeCell.swift in Sources */ = {isa = PBXBuildFile; fileRef = C507FEE72315377F002AC86D /* DateTimeCell.swift */; };
		C5B6CDFB231CF93C00EDD14A /* HolidayTableViewCell.swift in Sources */ = {isa = PBXBuildFile; fileRef = C5B6CDFA231CF93C00EDD14A /* HolidayTableViewCell.swift */; };
		C5CC935E2318EF2E000CA583 /* HolidayViewController.swift in Sources */ = {isa = PBXBuildFile; fileRef = C5CC935D2318EF2E000CA583 /* HolidayViewController.swift */; };
		C5CC936023190F07000CA583 /* SubtitleCell.swift in Sources */ = {isa = PBXBuildFile; fileRef = C5CC935F23190F07000CA583 /* SubtitleCell.swift */; };
		C5CC93642319544C000CA583 /* keyInfo.swift in Sources */ = {isa = PBXBuildFile; fileRef = C5CC93632319544B000CA583 /* keyInfo.swift */; };
		C5CC9366231A33FA000CA583 /* HolidayList.swift in Sources */ = {isa = PBXBuildFile; fileRef = C5CC9365231A33FA000CA583 /* HolidayList.swift */; };
		C5CC937F231A3AC3000CA583 /* HolidayJsonDTO.swift in Sources */ = {isa = PBXBuildFile; fileRef = C5CC937E231A3AC3000CA583 /* HolidayJsonDTO.swift */; };
/* End PBXBuildFile section */

/* Begin PBXFileReference section */
		C507FECE231531B2002AC86D /* WeatherApp.app */ = {isa = PBXFileReference; explicitFileType = wrapper.application; includeInIndex = 0; path = WeatherApp.app; sourceTree = BUILT_PRODUCTS_DIR; };
		C507FED1231531B2002AC86D /* AppDelegate.swift */ = {isa = PBXFileReference; lastKnownFileType = sourcecode.swift; path = AppDelegate.swift; sourceTree = "<group>"; };
		C507FED6231531B2002AC86D /* Base */ = {isa = PBXFileReference; lastKnownFileType = file.storyboard; name = Base; path = Base.lproj/Main.storyboard; sourceTree = "<group>"; };
		C507FED8231531B6002AC86D /* Assets.xcassets */ = {isa = PBXFileReference; lastKnownFileType = folder.assetcatalog; path = Assets.xcassets; sourceTree = "<group>"; };
		C507FEDB231531B6002AC86D /* Base */ = {isa = PBXFileReference; lastKnownFileType = file.storyboard; name = Base; path = Base.lproj/LaunchScreen.storyboard; sourceTree = "<group>"; };
		C507FEDD231531B6002AC86D /* Info.plist */ = {isa = PBXFileReference; lastKnownFileType = text.plist.xml; path = Info.plist; sourceTree = "<group>"; };
		C507FEE323153255002AC86D /* WeatherTableViewController.swift */ = {isa = PBXFileReference; lastKnownFileType = sourcecode.swift; path = WeatherTableViewController.swift; sourceTree = "<group>"; };
		C507FEE523153773002AC86D /* WeatherCell.swift */ = {isa = PBXFileReference; lastKnownFileType = sourcecode.swift; path = WeatherCell.swift; sourceTree = "<group>"; };
		C507FEE72315377F002AC86D /* DateTimeCell.swift */ = {isa = PBXFileReference; lastKnownFileType = sourcecode.swift; path = DateTimeCell.swift; sourceTree = "<group>"; };
		C5B6CDFA231CF93C00EDD14A /* HolidayTableViewCell.swift */ = {isa = PBXFileReference; lastKnownFileType = sourcecode.swift; path = HolidayTableViewCell.swift; sourceTree = "<group>"; };
		C5CC935D2318EF2E000CA583 /* HolidayViewController.swift */ = {isa = PBXFileReference; lastKnownFileType = sourcecode.swift; path = HolidayViewController.swift; sourceTree = "<group>"; };
		C5CC935F23190F07000CA583 /* SubtitleCell.swift */ = {isa = PBXFileReference; lastKnownFileType = sourcecode.swift; path = SubtitleCell.swift; sourceTree = "<group>"; };
		C5CC93632319544B000CA583 /* keyInfo.swift */ = {isa = PBXFileReference; lastKnownFileType = sourcecode.swift; path = keyInfo.swift; sourceTree = "<group>"; };
		C5CC9365231A33FA000CA583 /* HolidayList.swift */ = {isa = PBXFileReference; lastKnownFileType = sourcecode.swift; path = HolidayList.swift; sourceTree = "<group>"; };
		C5CC937E231A3AC3000CA583 /* HolidayJsonDTO.swift */ = {isa = PBXFileReference; lastKnownFileType = sourcecode.swift; name = HolidayJsonDTO.swift; path = ../HolidayJsonDTO.swift; sourceTree = "<group>"; };
/* End PBXFileReference section */

/* Begin PBXFrameworksBuildPhase section */
		C507FECB231531B2002AC86D /* Frameworks */ = {
			isa = PBXFrameworksBuildPhase;
			buildActionMask = 2147483647;
			files = (
			);
			runOnlyForDeploymentPostprocessing = 0;
		};
/* End PBXFrameworksBuildPhase section */

/* Begin PBXGroup section */
		C507FEC5231531B2002AC86D = {
			isa = PBXGroup;
			children = (
				C507FED0231531B2002AC86D /* WeatherApp */,
				C507FECF231531B2002AC86D /* Products */,
			);
			sourceTree = "<group>";
		};
		C507FECF231531B2002AC86D /* Products */ = {
			isa = PBXGroup;
			children = (
				C507FECE231531B2002AC86D /* WeatherApp.app */,
			);
			name = Products;
			sourceTree = "<group>";
		};
		C507FED0231531B2002AC86D /* WeatherApp */ = {
			isa = PBXGroup;
			children = (
				C507FED1231531B2002AC86D /* AppDelegate.swift */,
				C507FEE523153773002AC86D /* WeatherCell.swift */,
				C5CC935F23190F07000CA583 /* SubtitleCell.swift */,
				C507FEE72315377F002AC86D /* DateTimeCell.swift */,
				C5CC93632319544B000CA583 /* keyInfo.swift */,
				C507FEE323153255002AC86D /* WeatherTableViewController.swift */,
				C5CC935D2318EF2E000CA583 /* HolidayViewController.swift */,
				C5B6CDFA231CF93C00EDD14A /* HolidayTableViewCell.swift */,
				C5CC9365231A33FA000CA583 /* HolidayList.swift */,
				C5CC937E231A3AC3000CA583 /* HolidayJsonDTO.swift */,
				C507FED5231531B2002AC86D /* Main.storyboard */,
				C507FED8231531B6002AC86D /* Assets.xcassets */,
				C507FEDA231531B6002AC86D /* LaunchScreen.storyboard */,
				C507FEDD231531B6002AC86D /* Info.plist */,
			);
			path = WeatherApp;
			sourceTree = "<group>";
		};
/* End PBXGroup section */

/* Begin PBXNativeTarget section */
		C507FECD231531B2002AC86D /* WeatherApp */ = {
			isa = PBXNativeTarget;
			buildConfigurationList = C507FEE0231531B6002AC86D /* Build configuration list for PBXNativeTarget "WeatherApp" */;
			buildPhases = (
				C507FECA231531B2002AC86D /* Sources */,
				C507FECB231531B2002AC86D /* Frameworks */,
				C507FECC231531B2002AC86D /* Resources */,
			);
			buildRules = (
			);
			dependencies = (
			);
			name = WeatherApp;
			productName = WeatherApp;
			productReference = C507FECE231531B2002AC86D /* WeatherApp.app */;
			productType = "com.apple.product-type.application";
		};
/* End PBXNativeTarget section */

/* Begin PBXProject section */
		C507FEC6231531B2002AC86D /* Project object */ = {
			isa = PBXProject;
			attributes = {
				LastSwiftUpdateCheck = 1030;
				LastUpgradeCheck = 1030;
				ORGANIZATIONNAME = hwj;
				TargetAttributes = {
					C507FECD231531B2002AC86D = {
						CreatedOnToolsVersion = 10.3;
					};
				};
			};
			buildConfigurationList = C507FEC9231531B2002AC86D /* Build configuration list for PBXProject "WeatherApp" */;
			compatibilityVersion = "Xcode 9.3";
			developmentRegion = en;
			hasScannedForEncodings = 0;
			knownRegions = (
				en,
				Base,
			);
			mainGroup = C507FEC5231531B2002AC86D;
			productRefGroup = C507FECF231531B2002AC86D /* Products */;
			projectDirPath = "";
			projectRoot = "";
			targets = (
				C507FECD231531B2002AC86D /* WeatherApp */,
			);
		};
/* End PBXProject section */

/* Begin PBXResourcesBuildPhase section */
		C507FECC231531B2002AC86D /* Resources */ = {
			isa = PBXResourcesBuildPhase;
			buildActionMask = 2147483647;
			files = (
				C507FEDC231531B6002AC86D /* LaunchScreen.storyboard in Resources */,
				C507FED9231531B6002AC86D /* Assets.xcassets in Resources */,
				C507FED7231531B2002AC86D /* Main.storyboard in Resources */,
			);
			runOnlyForDeploymentPostprocessing = 0;
		};
/* End PBXResourcesBuildPhase section */

/* Begin PBXSourcesBuildPhase section */
		C507FECA231531B2002AC86D /* Sources */ = {
			isa = PBXSourcesBuildPhase;
			buildActionMask = 2147483647;
			files = (
				C5CC936023190F07000CA583 /* SubtitleCell.swift in Sources */,
				C5CC935E2318EF2E000CA583 /* HolidayViewController.swift in Sources */,
				C5CC9366231A33FA000CA583 /* HolidayList.swift in Sources */,
				C507FEE623153773002AC86D /* WeatherCell.swift in Sources */,
				C5B6CDFB231CF93C00EDD14A /* HolidayTableViewCell.swift in Sources */,
				C507FEE423153255002AC86D /* WeatherTableViewController.swift in Sources */,
				C5CC93642319544C000CA583 /* keyInfo.swift in Sources */,
				C507FED2231531B2002AC86D /* AppDelegate.swift in Sources */,
				C5CC937F231A3AC3000CA583 /* HolidayJsonDTO.swift in Sources */,
				C507FEE82315377F002AC86D /* DateTimeCell.swift in Sources */,
			);
			runOnlyForDeploymentPostprocessing = 0;
		};
/* End PBXSourcesBuildPhase section */

/* Begin PBXVariantGroup section */
		C507FED5231531B2002AC86D /* Main.storyboard */ = {
			isa = PBXVariantGroup;
			children = (
				C507FED6231531B2002AC86D /* Base */,
			);
			name = Main.storyboard;
			sourceTree = "<group>";
		};
		C507FEDA231531B6002AC86D /* LaunchScreen.storyboard */ = {
			isa = PBXVariantGroup;
			children = (
				C507FEDB231531B6002AC86D /* Base */,
			);
			name = LaunchScreen.storyboard;
			sourceTree = "<group>";
		};
/* End PBXVariantGroup section */

/* Begin XCBuildConfiguration section */
		C507FEDE231531B6002AC86D /* Debug */ = {
			isa = XCBuildConfiguration;
			buildSettings = {
				ALWAYS_SEARCH_USER_PATHS = NO;
				CLANG_ANALYZER_NONNULL = YES;
				CLANG_ANALYZER_NUMBER_OBJECT_CONVERSION = YES_AGGRESSIVE;
				CLANG_CXX_LANGUAGE_STANDARD = "gnu++14";
				CLANG_CXX_LIBRARY = "libc++";
				CLANG_ENABLE_MODULES = YES;
				CLANG_ENABLE_OBJC_ARC = YES;
				CLANG_ENABLE_OBJC_WEAK = YES;
				CLANG_WARN_BLOCK_CAPTURE_AUTORELEASING = YES;
				CLANG_WARN_BOOL_CONVERSION = YES;
				CLANG_WARN_COMMA = YES;
				CLANG_WARN_CONSTANT_CONVERSION = YES;
				CLANG_WARN_DEPRECATED_OBJC_IMPLEMENTATIONS = YES;
				CLANG_WARN_DIRECT_OBJC_ISA_USAGE = YES_ERROR;
				CLANG_WARN_DOCUMENTATION_COMMENTS = YES;
				CLANG_WARN_EMPTY_BODY = YES;
				CLANG_WARN_ENUM_CONVERSION = YES;
				CLANG_WARN_INFINITE_RECURSION = YES;
				CLANG_WARN_INT_CONVERSION = YES;
				CLANG_WARN_NON_LITERAL_NULL_CONVERSION = YES;
				CLANG_WARN_OBJC_IMPLICIT_RETAIN_SELF = YES;
				CLANG_WARN_OBJC_LITERAL_CONVERSION = YES;
				CLANG_WARN_OBJC_ROOT_CLASS = YES_ERROR;
				CLANG_WARN_RANGE_LOOP_ANALYSIS = YES;
				CLANG_WARN_STRICT_PROTOTYPES = YES;
				CLANG_WARN_SUSPICIOUS_MOVE = YES;
				CLANG_WARN_UNGUARDED_AVAILABILITY = YES_AGGRESSIVE;
				CLANG_WARN_UNREACHABLE_CODE = YES;
				CLANG_WARN__DUPLICATE_METHOD_MATCH = YES;
				CODE_SIGN_IDENTITY = "iPhone Developer";
				COPY_PHASE_STRIP = NO;
				DEBUG_INFORMATION_FORMAT = dwarf;
				ENABLE_STRICT_OBJC_MSGSEND = YES;
				ENABLE_TESTABILITY = YES;
				GCC_C_LANGUAGE_STANDARD = gnu11;
				GCC_DYNAMIC_NO_PIC = NO;
				GCC_NO_COMMON_BLOCKS = YES;
				GCC_OPTIMIZATION_LEVEL = 0;
				GCC_PREPROCESSOR_DEFINITIONS = (
					"DEBUG=1",
					"$(inherited)",
				);
				GCC_WARN_64_TO_32_BIT_CONVERSION = YES;
				GCC_WARN_ABOUT_RETURN_TYPE = YES_ERROR;
				GCC_WARN_UNDECLARED_SELECTOR = YES;
				GCC_WARN_UNINITIALIZED_AUTOS = YES_AGGRESSIVE;
				GCC_WARN_UNUSED_FUNCTION = YES;
				GCC_WARN_UNUSED_VARIABLE = YES;
				IPHONEOS_DEPLOYMENT_TARGET = 12.4;
				MTL_ENABLE_DEBUG_INFO = INCLUDE_SOURCE;
				MTL_FAST_MATH = YES;
				ONLY_ACTIVE_ARCH = YES;
				SDKROOT = iphoneos;
				SWIFT_ACTIVE_COMPILATION_CONDITIONS = DEBUG;
				SWIFT_OPTIMIZATION_LEVEL = "-Onone";
			};
			name = Debug;
		};
		C507FEDF231531B6002AC86D /* Release */ = {
			isa = XCBuildConfiguration;
			buildSettings = {
				ALWAYS_SEARCH_USER_PATHS = NO;
				CLANG_ANALYZER_NONNULL = YES;
				CLANG_ANALYZER_NUMBER_OBJECT_CONVERSION = YES_AGGRESSIVE;
				CLANG_CXX_LANGUAGE_STANDARD = "gnu++14";
				CLANG_CXX_LIBRARY = "libc++";
				CLANG_ENABLE_MODULES = YES;
				CLANG_ENABLE_OBJC_ARC = YES;
				CLANG_ENABLE_OBJC_WEAK = YES;
				CLANG_WARN_BLOCK_CAPTURE_AUTORELEASING = YES;
				CLANG_WARN_BOOL_CONVERSION = YES;
				CLANG_WARN_COMMA = YES;
				CLANG_WARN_CONSTANT_CONVERSION = YES;
				CLANG_WARN_DEPRECATED_OBJC_IMPLEMENTATIONS = YES;
				CLANG_WARN_DIRECT_OBJC_ISA_USAGE = YES_ERROR;
				CLANG_WARN_DOCUMENTATION_COMMENTS = YES;
				CLANG_WARN_EMPTY_BODY = YES;
				CLANG_WARN_ENUM_CONVERSION = YES;
				CLANG_WARN_INFINITE_RECURSION = YES;
				CLANG_WARN_INT_CONVERSION = YES;
				CLANG_WARN_NON_LITERAL_NULL_CONVERSION = YES;
				CLANG_WARN_OBJC_IMPLICIT_RETAIN_SELF = YES;
				CLANG_WARN_OBJC_LITERAL_CONVERSION = YES;
				CLANG_WARN_OBJC_ROOT_CLASS = YES_ERROR;
				CLANG_WARN_RANGE_LOOP_ANALYSIS = YES;
				CLANG_WARN_STRICT_PROTOTYPES = YES;
				CLANG_WARN_SUSPICIOUS_MOVE = YES;
				CLANG_WARN_UNGUARDED_AVAILABILITY = YES_AGGRESSIVE;
				CLANG_WARN_UNREACHABLE_CODE = YES;
				CLANG_WARN__DUPLICATE_METHOD_MATCH = YES;
				CODE_SIGN_IDENTITY = "iPhone Developer";
				COPY_PHASE_STRIP = NO;
				DEBUG_INFORMATION_FORMAT = "dwarf-with-dsym";
				ENABLE_NS_ASSERTIONS = NO;
				ENABLE_STRICT_OBJC_MSGSEND = YES;
				GCC_C_LANGUAGE_STANDARD = gnu11;
				GCC_NO_COMMON_BLOCKS = YES;
				GCC_WARN_64_TO_32_BIT_CONVERSION = YES;
				GCC_WARN_ABOUT_RETURN_TYPE = YES_ERROR;
				GCC_WARN_UNDECLARED_SELECTOR = YES;
				GCC_WARN_UNINITIALIZED_AUTOS = YES_AGGRESSIVE;
				GCC_WARN_UNUSED_FUNCTION = YES;
				GCC_WARN_UNUSED_VARIABLE = YES;
				IPHONEOS_DEPLOYMENT_TARGET = 12.4;
				MTL_ENABLE_DEBUG_INFO = NO;
				MTL_FAST_MATH = YES;
				SDKROOT = iphoneos;
				SWIFT_COMPILATION_MODE = wholemodule;
				SWIFT_OPTIMIZATION_LEVEL = "-O";
				VALIDATE_PRODUCT = YES;
			};
			name = Release;
		};
		C507FEE1231531B6002AC86D /* Debug */ = {
			isa = XCBuildConfiguration;
			buildSettings = {
				ASSETCATALOG_COMPILER_APPICON_NAME = AppIcon;
				CODE_SIGN_STYLE = Automatic;
				DEVELOPMENT_TEAM = 5288FA2S2C;
				INFOPLIST_FILE = WeatherApp/Info.plist;
				IPHONEOS_DEPLOYMENT_TARGET = 12.1;
				LD_RUNPATH_SEARCH_PATHS = (
					"$(inherited)",
					"@executable_path/Frameworks",
				);
				PRODUCT_BUNDLE_IDENTIFIER = kr.codesquard.WeatherApp;
				PRODUCT_NAME = "$(TARGET_NAME)";
				SWIFT_VERSION = 5.0;
				TARGETED_DEVICE_FAMILY = "1,2";
			};
			name = Debug;
		};
		C507FEE2231531B6002AC86D /* Release */ = {
			isa = XCBuildConfiguration;
			buildSettings = {
				ASSETCATALOG_COMPILER_APPICON_NAME = AppIcon;
				CODE_SIGN_STYLE = Automatic;
				DEVELOPMENT_TEAM = 5288FA2S2C;
				INFOPLIST_FILE = WeatherApp/Info.plist;
				IPHONEOS_DEPLOYMENT_TARGET = 12.1;
				LD_RUNPATH_SEARCH_PATHS = (
					"$(inherited)",
					"@executable_path/Frameworks",
				);
				PRODUCT_BUNDLE_IDENTIFIER = kr.codesquard.WeatherApp;
				PRODUCT_NAME = "$(TARGET_NAME)";
				SWIFT_VERSION = 5.0;
				TARGETED_DEVICE_FAMILY = "1,2";
			};
			name = Release;
		};
/* End XCBuildConfiguration section */

/* Begin XCConfigurationList section */
		C507FEC9231531B2002AC86D /* Build configuration list for PBXProject "WeatherApp" */ = {
			isa = XCConfigurationList;
			buildConfigurations = (
				C507FEDE231531B6002AC86D /* Debug */,
				C507FEDF231531B6002AC86D /* Release */,
			);
			defaultConfigurationIsVisible = 0;
			defaultConfigurationName = Release;
		};
		C507FEE0231531B6002AC86D /* Build configuration list for PBXNativeTarget "WeatherApp" */ = {
			isa = XCConfigurationList;
			buildConfigurations = (
				C507FEE1231531B6002AC86D /* Debug */,
				C507FEE2231531B6002AC86D /* Release */,
			);
			defaultConfigurationIsVisible = 0;
			defaultConfigurationName = Release;
		};
/* End XCConfigurationList section */
	};
	rootObject = C507FEC6231531B2002AC86D /* Project object */;
}
