// !$*UTF8*$!
{
	archiveVersion = 1;
	classes = {
	};
	objectVersion = 50;
	objects = {

/* Begin PBXBuildFile section */
		0E327160238300FE00EF36B4 /* AppDelegate.swift in Sources */ = {isa = PBXBuildFile; fileRef = 0E32715F238300FE00EF36B4 /* AppDelegate.swift */; };
		0E327162238300FE00EF36B4 /* SceneDelegate.swift in Sources */ = {isa = PBXBuildFile; fileRef = 0E327161238300FE00EF36B4 /* SceneDelegate.swift */; };
		0E3271692383010100EF36B4 /* Assets.xcassets in Resources */ = {isa = PBXBuildFile; fileRef = 0E3271682383010100EF36B4 /* Assets.xcassets */; };
		0E32716C2383010100EF36B4 /* LaunchScreen.storyboard in Resources */ = {isa = PBXBuildFile; fileRef = 0E32716A2383010100EF36B4 /* LaunchScreen.storyboard */; };
		0E327174238302A100EF36B4 /* WeatherViewController.swift in Sources */ = {isa = PBXBuildFile; fileRef = 0E327173238302A100EF36B4 /* WeatherViewController.swift */; };
		0E3271792383088900EF36B4 /* DateTimeCell.swift in Sources */ = {isa = PBXBuildFile; fileRef = 0E3271772383088900EF36B4 /* DateTimeCell.swift */; };
		0E32717D23830DCC00EF36B4 /* Reuseable.swift in Sources */ = {isa = PBXBuildFile; fileRef = 0E32717C23830DCC00EF36B4 /* Reuseable.swift */; };
		0E32718023830ECF00EF36B4 /* TableView+.swift in Sources */ = {isa = PBXBuildFile; fileRef = 0E32717F23830ECE00EF36B4 /* TableView+.swift */; };
		0E327183238318F900EF36B4 /* WeatherCell.swift in Sources */ = {isa = PBXBuildFile; fileRef = 0E327182238318F900EF36B4 /* WeatherCell.swift */; };
		0E32718523831B1D00EF36B4 /* Asset.swift in Sources */ = {isa = PBXBuildFile; fileRef = 0E32718423831B1D00EF36B4 /* Asset.swift */; };
		0E32718823838DF100EF36B4 /* HolidayViewController.swift in Sources */ = {isa = PBXBuildFile; fileRef = 0E32718723838DF100EF36B4 /* HolidayViewController.swift */; };
		0E32718B23838EDA00EF36B4 /* HolidayCell.swift in Sources */ = {isa = PBXBuildFile; fileRef = 0E32718A23838EDA00EF36B4 /* HolidayCell.swift */; };
		0E32718D23838F9D00EF36B4 /* MyData.swift in Sources */ = {isa = PBXBuildFile; fileRef = 0E32718C23838F9D00EF36B4 /* MyData.swift */; };
		0E3271902383A8D200EF36B4 /* Holiday.swift in Sources */ = {isa = PBXBuildFile; fileRef = 0E32718F2383A8D200EF36B4 /* Holiday.swift */; };
		0E3271922383AA4400EF36B4 /* Date+.swift in Sources */ = {isa = PBXBuildFile; fileRef = 0E3271912383AA4400EF36B4 /* Date+.swift */; };
		0E3271942383DD0C00EF36B4 /* Holidays.json in Resources */ = {isa = PBXBuildFile; fileRef = 0E3271932383DD0B00EF36B4 /* Holidays.json */; };
		0E32719D238458BE00EF36B4 /* HolidayViewModel.swift in Sources */ = {isa = PBXBuildFile; fileRef = 0E32719C238458BE00EF36B4 /* HolidayViewModel.swift */; };
		7707AE907BDD8BEB81E3D46E /* libPods-WeatherApp.a in Frameworks */ = {isa = PBXBuildFile; fileRef = 859F89D9CF24AF6EE5C122CD /* libPods-WeatherApp.a */; };
/* End PBXBuildFile section */

/* Begin PBXFileReference section */
		0E32715C238300FE00EF36B4 /* WeatherApp.app */ = {isa = PBXFileReference; explicitFileType = wrapper.application; includeInIndex = 0; path = WeatherApp.app; sourceTree = BUILT_PRODUCTS_DIR; };
		0E32715F238300FE00EF36B4 /* AppDelegate.swift */ = {isa = PBXFileReference; lastKnownFileType = sourcecode.swift; path = AppDelegate.swift; sourceTree = "<group>"; };
		0E327161238300FE00EF36B4 /* SceneDelegate.swift */ = {isa = PBXFileReference; lastKnownFileType = sourcecode.swift; path = SceneDelegate.swift; sourceTree = "<group>"; };
		0E3271682383010100EF36B4 /* Assets.xcassets */ = {isa = PBXFileReference; lastKnownFileType = folder.assetcatalog; path = Assets.xcassets; sourceTree = "<group>"; };
		0E32716B2383010100EF36B4 /* Base */ = {isa = PBXFileReference; lastKnownFileType = file.storyboard; name = Base; path = Base.lproj/LaunchScreen.storyboard; sourceTree = "<group>"; };
		0E32716D2383010100EF36B4 /* Info.plist */ = {isa = PBXFileReference; lastKnownFileType = text.plist.xml; path = Info.plist; sourceTree = "<group>"; };
		0E327173238302A100EF36B4 /* WeatherViewController.swift */ = {isa = PBXFileReference; lastKnownFileType = sourcecode.swift; name = WeatherViewController.swift; path = "/Users/ldcpaul/Downloads/코드스쿼드/My/STEP23/swift-weatherapp/WeatherApp/WeatherApp/WeatherViewController.swift"; sourceTree = "<absolute>"; };
		0E3271772383088900EF36B4 /* DateTimeCell.swift */ = {isa = PBXFileReference; lastKnownFileType = sourcecode.swift; path = DateTimeCell.swift; sourceTree = "<group>"; };
		0E32717C23830DCC00EF36B4 /* Reuseable.swift */ = {isa = PBXFileReference; lastKnownFileType = sourcecode.swift; path = Reuseable.swift; sourceTree = "<group>"; };
		0E32717F23830ECE00EF36B4 /* TableView+.swift */ = {isa = PBXFileReference; lastKnownFileType = sourcecode.swift; path = "TableView+.swift"; sourceTree = "<group>"; };
		0E327182238318F900EF36B4 /* WeatherCell.swift */ = {isa = PBXFileReference; lastKnownFileType = sourcecode.swift; path = WeatherCell.swift; sourceTree = "<group>"; };
		0E32718423831B1D00EF36B4 /* Asset.swift */ = {isa = PBXFileReference; lastKnownFileType = sourcecode.swift; path = Asset.swift; sourceTree = "<group>"; };
		0E32718723838DF100EF36B4 /* HolidayViewController.swift */ = {isa = PBXFileReference; lastKnownFileType = sourcecode.swift; path = HolidayViewController.swift; sourceTree = "<group>"; };
		0E32718A23838EDA00EF36B4 /* HolidayCell.swift */ = {isa = PBXFileReference; lastKnownFileType = sourcecode.swift; path = HolidayCell.swift; sourceTree = "<group>"; };
		0E32718C23838F9D00EF36B4 /* MyData.swift */ = {isa = PBXFileReference; lastKnownFileType = sourcecode.swift; path = MyData.swift; sourceTree = "<group>"; };
		0E32718F2383A8D200EF36B4 /* Holiday.swift */ = {isa = PBXFileReference; lastKnownFileType = sourcecode.swift; path = Holiday.swift; sourceTree = "<group>"; };
		0E3271912383AA4400EF36B4 /* Date+.swift */ = {isa = PBXFileReference; lastKnownFileType = sourcecode.swift; path = "Date+.swift"; sourceTree = "<group>"; };
		0E3271932383DD0B00EF36B4 /* Holidays.json */ = {isa = PBXFileReference; lastKnownFileType = text.json; path = Holidays.json; sourceTree = "<group>"; };
		0E32719C238458BE00EF36B4 /* HolidayViewModel.swift */ = {isa = PBXFileReference; lastKnownFileType = sourcecode.swift; path = HolidayViewModel.swift; sourceTree = "<group>"; };
		859F89D9CF24AF6EE5C122CD /* libPods-WeatherApp.a */ = {isa = PBXFileReference; explicitFileType = archive.ar; includeInIndex = 0; path = "libPods-WeatherApp.a"; sourceTree = BUILT_PRODUCTS_DIR; };
		98B03607D4F62C35BD77560C /* Pods-WeatherApp.release.xcconfig */ = {isa = PBXFileReference; includeInIndex = 1; lastKnownFileType = text.xcconfig; name = "Pods-WeatherApp.release.xcconfig"; path = "Target Support Files/Pods-WeatherApp/Pods-WeatherApp.release.xcconfig"; sourceTree = "<group>"; };
		9ED182C521F3C11DAF87136B /* Pods-WeatherApp.debug.xcconfig */ = {isa = PBXFileReference; includeInIndex = 1; lastKnownFileType = text.xcconfig; name = "Pods-WeatherApp.debug.xcconfig"; path = "Target Support Files/Pods-WeatherApp/Pods-WeatherApp.debug.xcconfig"; sourceTree = "<group>"; };
/* End PBXFileReference section */

/* Begin PBXFrameworksBuildPhase section */
		0E327159238300FE00EF36B4 /* Frameworks */ = {
			isa = PBXFrameworksBuildPhase;
			buildActionMask = 2147483647;
			files = (
				7707AE907BDD8BEB81E3D46E /* libPods-WeatherApp.a in Frameworks */,
			);
			runOnlyForDeploymentPostprocessing = 0;
		};
/* End PBXFrameworksBuildPhase section */

/* Begin PBXGroup section */
		0E327153238300FE00EF36B4 = {
			isa = PBXGroup;
			children = (
				0E32715E238300FE00EF36B4 /* WeatherApp */,
				0E32715D238300FE00EF36B4 /* Products */,
				BD048D2E718CAD39E5707E05 /* Pods */,
				B63030724D0C0311E1E0E91B /* Frameworks */,
			);
			sourceTree = "<group>";
		};
		0E32715D238300FE00EF36B4 /* Products */ = {
			isa = PBXGroup;
			children = (
				0E32715C238300FE00EF36B4 /* WeatherApp.app */,
			);
			name = Products;
			sourceTree = "<group>";
		};
		0E32715E238300FE00EF36B4 /* WeatherApp */ = {
			isa = PBXGroup;
			children = (
				0E32719B238458AB00EF36B4 /* ViewModel */,
				0E3271932383DD0B00EF36B4 /* Holidays.json */,
				0E32717B23830DA800EF36B4 /* Common */,
				0E32718923838E4100EF36B4 /* Model */,
				0E32717E23830EBE00EF36B4 /* Extension */,
				0E3271762383085E00EF36B4 /* View */,
				0E3271752383084F00EF36B4 /* ViewController */,
				0E32715F238300FE00EF36B4 /* AppDelegate.swift */,
				0E327161238300FE00EF36B4 /* SceneDelegate.swift */,
				0E3271682383010100EF36B4 /* Assets.xcassets */,
				0E32716A2383010100EF36B4 /* LaunchScreen.storyboard */,
				0E32716D2383010100EF36B4 /* Info.plist */,
			);
			path = WeatherApp;
			sourceTree = "<group>";
		};
		0E3271752383084F00EF36B4 /* ViewController */ = {
			isa = PBXGroup;
			children = (
				0E327173238302A100EF36B4 /* WeatherViewController.swift */,
				0E32718723838DF100EF36B4 /* HolidayViewController.swift */,
			);
			path = ViewController;
			sourceTree = "<group>";
		};
		0E3271762383085E00EF36B4 /* View */ = {
			isa = PBXGroup;
			children = (
				0E327181238318CD00EF36B4 /* Cell */,
			);
			path = View;
			sourceTree = "<group>";
		};
		0E32717B23830DA800EF36B4 /* Common */ = {
			isa = PBXGroup;
			children = (
				0E32718E2383913500EF36B4 /* Constant */,
				0E32717C23830DCC00EF36B4 /* Reuseable.swift */,
			);
			path = Common;
			sourceTree = "<group>";
		};
		0E32717E23830EBE00EF36B4 /* Extension */ = {
			isa = PBXGroup;
			children = (
				0E32717F23830ECE00EF36B4 /* TableView+.swift */,
				0E3271912383AA4400EF36B4 /* Date+.swift */,
			);
			path = Extension;
			sourceTree = "<group>";
		};
		0E327181238318CD00EF36B4 /* Cell */ = {
			isa = PBXGroup;
			children = (
				0E3271772383088900EF36B4 /* DateTimeCell.swift */,
				0E327182238318F900EF36B4 /* WeatherCell.swift */,
				0E32718A23838EDA00EF36B4 /* HolidayCell.swift */,
			);
			path = Cell;
			sourceTree = "<group>";
		};
		0E32718923838E4100EF36B4 /* Model */ = {
			isa = PBXGroup;
			children = (
				0E32718F2383A8D200EF36B4 /* Holiday.swift */,
			);
			path = Model;
			sourceTree = "<group>";
		};
		0E32718E2383913500EF36B4 /* Constant */ = {
			isa = PBXGroup;
			children = (
				0E32718423831B1D00EF36B4 /* Asset.swift */,
				0E32718C23838F9D00EF36B4 /* MyData.swift */,
			);
			path = Constant;
			sourceTree = "<group>";
		};
		0E32719B238458AB00EF36B4 /* ViewModel */ = {
			isa = PBXGroup;
			children = (
				0E32719C238458BE00EF36B4 /* HolidayViewModel.swift */,
			);
			path = ViewModel;
			sourceTree = "<group>";
		};
		B63030724D0C0311E1E0E91B /* Frameworks */ = {
			isa = PBXGroup;
			children = (
				859F89D9CF24AF6EE5C122CD /* libPods-WeatherApp.a */,
			);
			name = Frameworks;
			sourceTree = "<group>";
		};
		BD048D2E718CAD39E5707E05 /* Pods */ = {
			isa = PBXGroup;
			children = (
				9ED182C521F3C11DAF87136B /* Pods-WeatherApp.debug.xcconfig */,
				98B03607D4F62C35BD77560C /* Pods-WeatherApp.release.xcconfig */,
			);
			path = Pods;
			sourceTree = "<group>";
		};
/* End PBXGroup section */

/* Begin PBXNativeTarget section */
		0E32715B238300FE00EF36B4 /* WeatherApp */ = {
			isa = PBXNativeTarget;
			buildConfigurationList = 0E3271702383010100EF36B4 /* Build configuration list for PBXNativeTarget "WeatherApp" */;
			buildPhases = (
				631B1ECBC2E1B822A6CD0AFC /* [CP] Check Pods Manifest.lock */,
				0E327158238300FE00EF36B4 /* Sources */,
				0E327159238300FE00EF36B4 /* Frameworks */,
				0E32715A238300FE00EF36B4 /* Resources */,
			);
			buildRules = (
			);
			dependencies = (
			);
			name = WeatherApp;
			productName = WeatherApp;
			productReference = 0E32715C238300FE00EF36B4 /* WeatherApp.app */;
			productType = "com.apple.product-type.application";
		};
/* End PBXNativeTarget section */

/* Begin PBXProject section */
		0E327154238300FE00EF36B4 /* Project object */ = {
			isa = PBXProject;
			attributes = {
				LastSwiftUpdateCheck = 1110;
				LastUpgradeCheck = 1110;
				ORGANIZATIONNAME = "이동영";
				TargetAttributes = {
					0E32715B238300FE00EF36B4 = {
						CreatedOnToolsVersion = 11.1;
					};
				};
			};
			buildConfigurationList = 0E327157238300FE00EF36B4 /* Build configuration list for PBXProject "WeatherApp" */;
			compatibilityVersion = "Xcode 9.3";
			developmentRegion = en;
			hasScannedForEncodings = 0;
			knownRegions = (
				en,
				Base,
			);
			mainGroup = 0E327153238300FE00EF36B4;
			productRefGroup = 0E32715D238300FE00EF36B4 /* Products */;
			projectDirPath = "";
			projectRoot = "";
			targets = (
				0E32715B238300FE00EF36B4 /* WeatherApp */,
			);
		};
/* End PBXProject section */

/* Begin PBXResourcesBuildPhase section */
		0E32715A238300FE00EF36B4 /* Resources */ = {
			isa = PBXResourcesBuildPhase;
			buildActionMask = 2147483647;
			files = (
				0E3271942383DD0C00EF36B4 /* Holidays.json in Resources */,
				0E32716C2383010100EF36B4 /* LaunchScreen.storyboard in Resources */,
				0E3271692383010100EF36B4 /* Assets.xcassets in Resources */,
			);
			runOnlyForDeploymentPostprocessing = 0;
		};
/* End PBXResourcesBuildPhase section */

/* Begin PBXShellScriptBuildPhase section */
		631B1ECBC2E1B822A6CD0AFC /* [CP] Check Pods Manifest.lock */ = {
			isa = PBXShellScriptBuildPhase;
			buildActionMask = 2147483647;
			files = (
			);
			inputFileListPaths = (
			);
			inputPaths = (
				"${PODS_PODFILE_DIR_PATH}/Podfile.lock",
				"${PODS_ROOT}/Manifest.lock",
			);
			name = "[CP] Check Pods Manifest.lock";
			outputFileListPaths = (
			);
			outputPaths = (
				"$(DERIVED_FILE_DIR)/Pods-WeatherApp-checkManifestLockResult.txt",
			);
			runOnlyForDeploymentPostprocessing = 0;
			shellPath = /bin/sh;
			shellScript = "diff \"${PODS_PODFILE_DIR_PATH}/Podfile.lock\" \"${PODS_ROOT}/Manifest.lock\" > /dev/null\nif [ $? != 0 ] ; then\n    # print error to STDERR\n    echo \"error: The sandbox is not in sync with the Podfile.lock. Run 'pod install' or update your CocoaPods installation.\" >&2\n    exit 1\nfi\n# This output is used by Xcode 'outputs' to avoid re-running this script phase.\necho \"SUCCESS\" > \"${SCRIPT_OUTPUT_FILE_0}\"\n";
			showEnvVarsInLog = 0;
		};
/* End PBXShellScriptBuildPhase section */

/* Begin PBXSourcesBuildPhase section */
		0E327158238300FE00EF36B4 /* Sources */ = {
			isa = PBXSourcesBuildPhase;
			buildActionMask = 2147483647;
			files = (
				0E32719D238458BE00EF36B4 /* HolidayViewModel.swift in Sources */,
				0E3271922383AA4400EF36B4 /* Date+.swift in Sources */,
				0E327160238300FE00EF36B4 /* AppDelegate.swift in Sources */,
				0E327174238302A100EF36B4 /* WeatherViewController.swift in Sources */,
				0E32717D23830DCC00EF36B4 /* Reuseable.swift in Sources */,
				0E3271792383088900EF36B4 /* DateTimeCell.swift in Sources */,
				0E32718B23838EDA00EF36B4 /* HolidayCell.swift in Sources */,
				0E327162238300FE00EF36B4 /* SceneDelegate.swift in Sources */,
				0E3271902383A8D200EF36B4 /* Holiday.swift in Sources */,
				0E32718823838DF100EF36B4 /* HolidayViewController.swift in Sources */,
				0E32718523831B1D00EF36B4 /* Asset.swift in Sources */,
				0E32718D23838F9D00EF36B4 /* MyData.swift in Sources */,
				0E32718023830ECF00EF36B4 /* TableView+.swift in Sources */,
				0E327183238318F900EF36B4 /* WeatherCell.swift in Sources */,
			);
			runOnlyForDeploymentPostprocessing = 0;
		};
/* End PBXSourcesBuildPhase section */

/* Begin PBXVariantGroup section */
		0E32716A2383010100EF36B4 /* LaunchScreen.storyboard */ = {
			isa = PBXVariantGroup;
			children = (
				0E32716B2383010100EF36B4 /* Base */,
			);
			name = LaunchScreen.storyboard;
			sourceTree = "<group>";
		};
/* End PBXVariantGroup section */

/* Begin XCBuildConfiguration section */
		0E32716E2383010100EF36B4 /* Debug */ = {
			isa = XCBuildConfiguration;
			buildSettings = {
				ALWAYS_SEARCH_USER_PATHS = NO;
				CLANG_ANALYZER_NONNULL = YES;
				CLANG_ANALYZER_NUMBER_OBJECT_CONVERSION = YES_AGGRESSIVE;
				CLANG_CXX_LANGUAGE_STANDARD = "gnu++14";
				CLANG_CXX_LIBRARY = "libc++";
				CLANG_ENABLE_MODULES = YES;
				CLANG_ENABLE_OBJC_ARC = YES;
				CLANG_ENABLE_OBJC_WEAK = YES;
				CLANG_WARN_BLOCK_CAPTURE_AUTORELEASING = YES;
				CLANG_WARN_BOOL_CONVERSION = YES;
				CLANG_WARN_COMMA = YES;
				CLANG_WARN_CONSTANT_CONVERSION = YES;
				CLANG_WARN_DEPRECATED_OBJC_IMPLEMENTATIONS = YES;
				CLANG_WARN_DIRECT_OBJC_ISA_USAGE = YES_ERROR;
				CLANG_WARN_DOCUMENTATION_COMMENTS = YES;
				CLANG_WARN_EMPTY_BODY = YES;
				CLANG_WARN_ENUM_CONVERSION = YES;
				CLANG_WARN_INFINITE_RECURSION = YES;
				CLANG_WARN_INT_CONVERSION = YES;
				CLANG_WARN_NON_LITERAL_NULL_CONVERSION = YES;
				CLANG_WARN_OBJC_IMPLICIT_RETAIN_SELF = YES;
				CLANG_WARN_OBJC_LITERAL_CONVERSION = YES;
				CLANG_WARN_OBJC_ROOT_CLASS = YES_ERROR;
				CLANG_WARN_RANGE_LOOP_ANALYSIS = YES;
				CLANG_WARN_STRICT_PROTOTYPES = YES;
				CLANG_WARN_SUSPICIOUS_MOVE = YES;
				CLANG_WARN_UNGUARDED_AVAILABILITY = YES_AGGRESSIVE;
				CLANG_WARN_UNREACHABLE_CODE = YES;
				CLANG_WARN__DUPLICATE_METHOD_MATCH = YES;
				COPY_PHASE_STRIP = NO;
				DEBUG_INFORMATION_FORMAT = dwarf;
				ENABLE_STRICT_OBJC_MSGSEND = YES;
				ENABLE_TESTABILITY = YES;
				GCC_C_LANGUAGE_STANDARD = gnu11;
				GCC_DYNAMIC_NO_PIC = NO;
				GCC_NO_COMMON_BLOCKS = YES;
				GCC_OPTIMIZATION_LEVEL = 0;
				GCC_PREPROCESSOR_DEFINITIONS = (
					"DEBUG=1",
					"$(inherited)",
				);
				GCC_WARN_64_TO_32_BIT_CONVERSION = YES;
				GCC_WARN_ABOUT_RETURN_TYPE = YES_ERROR;
				GCC_WARN_UNDECLARED_SELECTOR = YES;
				GCC_WARN_UNINITIALIZED_AUTOS = YES_AGGRESSIVE;
				GCC_WARN_UNUSED_FUNCTION = YES;
				GCC_WARN_UNUSED_VARIABLE = YES;
				IPHONEOS_DEPLOYMENT_TARGET = 13.1;
				MTL_ENABLE_DEBUG_INFO = INCLUDE_SOURCE;
				MTL_FAST_MATH = YES;
				ONLY_ACTIVE_ARCH = YES;
				SDKROOT = iphoneos;
				SWIFT_ACTIVE_COMPILATION_CONDITIONS = DEBUG;
				SWIFT_OPTIMIZATION_LEVEL = "-Onone";
			};
			name = Debug;
		};
		0E32716F2383010100EF36B4 /* Release */ = {
			isa = XCBuildConfiguration;
			buildSettings = {
				ALWAYS_SEARCH_USER_PATHS = NO;
				CLANG_ANALYZER_NONNULL = YES;
				CLANG_ANALYZER_NUMBER_OBJECT_CONVERSION = YES_AGGRESSIVE;
				CLANG_CXX_LANGUAGE_STANDARD = "gnu++14";
				CLANG_CXX_LIBRARY = "libc++";
				CLANG_ENABLE_MODULES = YES;
				CLANG_ENABLE_OBJC_ARC = YES;
				CLANG_ENABLE_OBJC_WEAK = YES;
				CLANG_WARN_BLOCK_CAPTURE_AUTORELEASING = YES;
				CLANG_WARN_BOOL_CONVERSION = YES;
				CLANG_WARN_COMMA = YES;
				CLANG_WARN_CONSTANT_CONVERSION = YES;
				CLANG_WARN_DEPRECATED_OBJC_IMPLEMENTATIONS = YES;
				CLANG_WARN_DIRECT_OBJC_ISA_USAGE = YES_ERROR;
				CLANG_WARN_DOCUMENTATION_COMMENTS = YES;
				CLANG_WARN_EMPTY_BODY = YES;
				CLANG_WARN_ENUM_CONVERSION = YES;
				CLANG_WARN_INFINITE_RECURSION = YES;
				CLANG_WARN_INT_CONVERSION = YES;
				CLANG_WARN_NON_LITERAL_NULL_CONVERSION = YES;
				CLANG_WARN_OBJC_IMPLICIT_RETAIN_SELF = YES;
				CLANG_WARN_OBJC_LITERAL_CONVERSION = YES;
				CLANG_WARN_OBJC_ROOT_CLASS = YES_ERROR;
				CLANG_WARN_RANGE_LOOP_ANALYSIS = YES;
				CLANG_WARN_STRICT_PROTOTYPES = YES;
				CLANG_WARN_SUSPICIOUS_MOVE = YES;
				CLANG_WARN_UNGUARDED_AVAILABILITY = YES_AGGRESSIVE;
				CLANG_WARN_UNREACHABLE_CODE = YES;
				CLANG_WARN__DUPLICATE_METHOD_MATCH = YES;
				COPY_PHASE_STRIP = NO;
				DEBUG_INFORMATION_FORMAT = "dwarf-with-dsym";
				ENABLE_NS_ASSERTIONS = NO;
				ENABLE_STRICT_OBJC_MSGSEND = YES;
				GCC_C_LANGUAGE_STANDARD = gnu11;
				GCC_NO_COMMON_BLOCKS = YES;
				GCC_WARN_64_TO_32_BIT_CONVERSION = YES;
				GCC_WARN_ABOUT_RETURN_TYPE = YES_ERROR;
				GCC_WARN_UNDECLARED_SELECTOR = YES;
				GCC_WARN_UNINITIALIZED_AUTOS = YES_AGGRESSIVE;
				GCC_WARN_UNUSED_FUNCTION = YES;
				GCC_WARN_UNUSED_VARIABLE = YES;
				IPHONEOS_DEPLOYMENT_TARGET = 13.1;
				MTL_ENABLE_DEBUG_INFO = NO;
				MTL_FAST_MATH = YES;
				SDKROOT = iphoneos;
				SWIFT_COMPILATION_MODE = wholemodule;
				SWIFT_OPTIMIZATION_LEVEL = "-O";
				VALIDATE_PRODUCT = YES;
			};
			name = Release;
		};
		0E3271712383010100EF36B4 /* Debug */ = {
			isa = XCBuildConfiguration;
			baseConfigurationReference = 9ED182C521F3C11DAF87136B /* Pods-WeatherApp.debug.xcconfig */;
			buildSettings = {
				ASSETCATALOG_COMPILER_APPICON_NAME = AppIcon;
				CODE_SIGN_STYLE = Automatic;
				DEVELOPMENT_TEAM = 8BQHKQSA4Y;
				INFOPLIST_FILE = WeatherApp/Info.plist;
				LD_RUNPATH_SEARCH_PATHS = (
					"$(inherited)",
					"@executable_path/Frameworks",
				);
				PRODUCT_BUNDLE_IDENTIFIER = CodeSquad.WeatherApp;
				PRODUCT_NAME = "$(TARGET_NAME)";
				SWIFT_VERSION = 5.0;
				TARGETED_DEVICE_FAMILY = "1,2";
			};
			name = Debug;
		};
		0E3271722383010100EF36B4 /* Release */ = {
			isa = XCBuildConfiguration;
			baseConfigurationReference = 98B03607D4F62C35BD77560C /* Pods-WeatherApp.release.xcconfig */;
			buildSettings = {
				ASSETCATALOG_COMPILER_APPICON_NAME = AppIcon;
				CODE_SIGN_STYLE = Automatic;
				DEVELOPMENT_TEAM = 8BQHKQSA4Y;
				INFOPLIST_FILE = WeatherApp/Info.plist;
				LD_RUNPATH_SEARCH_PATHS = (
					"$(inherited)",
					"@executable_path/Frameworks",
				);
				PRODUCT_BUNDLE_IDENTIFIER = CodeSquad.WeatherApp;
				PRODUCT_NAME = "$(TARGET_NAME)";
				SWIFT_VERSION = 5.0;
				TARGETED_DEVICE_FAMILY = "1,2";
			};
			name = Release;
		};
/* End XCBuildConfiguration section */

/* Begin XCConfigurationList section */
		0E327157238300FE00EF36B4 /* Build configuration list for PBXProject "WeatherApp" */ = {
			isa = XCConfigurationList;
			buildConfigurations = (
				0E32716E2383010100EF36B4 /* Debug */,
				0E32716F2383010100EF36B4 /* Release */,
			);
			defaultConfigurationIsVisible = 0;
			defaultConfigurationName = Release;
		};
		0E3271702383010100EF36B4 /* Build configuration list for PBXNativeTarget "WeatherApp" */ = {
			isa = XCConfigurationList;
			buildConfigurations = (
				0E3271712383010100EF36B4 /* Debug */,
				0E3271722383010100EF36B4 /* Release */,
			);
			defaultConfigurationIsVisible = 0;
			defaultConfigurationName = Release;
		};
/* End XCConfigurationList section */
	};
	rootObject = 0E327154238300FE00EF36B4 /* Project object */;
}
